{
  "name": "ethicsMaster",
  "lockfileVersion": 3,
  "requires": true,
  "packages": {
    "": {
      "dependencies": {
        "redux-yjs-bindings": "^0.3.1"
      }
    },
    "node_modules/@babel/runtime": {
      "version": "7.25.7",
      "resolved": "https://registry.npmjs.org/@babel/runtime/-/runtime-7.25.7.tgz",
      "integrity": "sha512-FjoyLe754PMiYsFaN5C94ttGiOmBNYTf6pLr4xXHAT5uctHb092PBszndLDR5XA/jghQvn4n7JMHl7dmTgbm9w==",
      "license": "MIT",
      "dependencies": {
        "regenerator-runtime": "^0.14.0"
      },
      "engines": {
        "node": ">=6.9.0"
      }
    },
    "node_modules/isomorphic.js": {
      "version": "0.2.5",
      "resolved": "https://registry.npmjs.org/isomorphic.js/-/isomorphic.js-0.2.5.tgz",
      "integrity": "sha512-PIeMbHqMt4DnUP3MA/Flc0HElYjMXArsw1qwJZcm9sqR8mq3l8NYizFMty0pWwE/tzIGH3EKK5+jes5mAr85yw==",
      "license": "MIT",
      "funding": {
        "type": "GitHub Sponsors ❤",
        "url": "https://github.com/sponsors/dmonad"
      }
    },
    "node_modules/lib0": {
      "version": "0.2.98",
      "resolved": "https://registry.npmjs.org/lib0/-/lib0-0.2.98.tgz",
      "integrity": "sha512-XteTiNO0qEXqqweWx+b21p/fBnNHUA1NwAtJNJek1oPrewEZs2uiT4gWivHKr9GqCjDPAhchz0UQO8NwU3bBNA==",
      "license": "MIT",
      "dependencies": {
        "isomorphic.js": "^0.2.4"
      },
      "bin": {
        "0ecdsa-generate-keypair": "bin/0ecdsa-generate-keypair.js",
        "0gentesthtml": "bin/gentesthtml.js",
        "0serve": "bin/0serve.js"
      },
      "engines": {
        "node": ">=16"
      },
      "funding": {
        "type": "GitHub Sponsors ❤",
        "url": "https://github.com/sponsors/dmonad"
      }
    },
    "node_modules/recursive-diff": {
      "version": "1.0.9",
      "resolved": "https://registry.npmjs.org/recursive-diff/-/recursive-diff-1.0.9.tgz",
      "integrity": "sha512-5mqpskzvXDo5Vy29Vj8tH30a0+XBmY11aqWGoN/uB94UHRwndX2EuPvH+WtbqOYkrwAF718/lDo6U4CB1qSSqQ==",
      "license": "MIT"
    },
    "node_modules/redux": {
      "version": "4.2.1",
      "resolved": "https://registry.npmjs.org/redux/-/redux-4.2.1.tgz",
      "integrity": "sha512-LAUYz4lc+Do8/g7aeRa8JkyDErK6ekstQaqWQrNRW//MY1TvCEpMtpTWvlQ+FPbWCx+Xixu/6SHt5N0HR+SB4w==",
      "license": "MIT",
      "dependencies": {
        "@babel/runtime": "^7.9.2"
      }
    },
    "node_modules/redux-yjs-bindings": {
      "version": "0.3.1",
      "resolved": "https://registry.npmjs.org/redux-yjs-bindings/-/redux-yjs-bindings-0.3.1.tgz",
      "integrity": "sha512-hgPkLlcR19v3VsB1ot7IWamN5271xWy23/uC1SAmVItaY2uHqM2IrMNPJgJPv5olcKHodM1qMAB6T4vuDILaIQ==",
      "license": "MIT",
      "dependencies": {
        "recursive-diff": "^1.0.8",
        "redux": "^4.1.2",
        "yjs": "^13.5.28"
      }
    },
    "node_modules/regenerator-runtime": {
      "version": "0.14.1",
      "resolved": "https://registry.npmjs.org/regenerator-runtime/-/regenerator-runtime-0.14.1.tgz",
      "integrity": "sha512-dYnhHh0nJoMfnkZs6GmmhFknAGRrLznOu5nc9ML+EJxGvrx6H7teuevqVqCuPcPK//3eDrrjQhehXVx9cnkGdw==",
      "license": "MIT"
    },
    "node_modules/yjs": {
      "version": "13.6.19",
      "resolved": "https://registry.npmjs.org/yjs/-/yjs-13.6.19.tgz",
      "integrity": "sha512-GNKw4mEUn5yWU2QPHRx8jppxmCm9KzbBhB4qJLUJFiiYD0g/tDVgXQ7aPkyh01YO28kbs2J/BEbWBagjuWyejw==",
      "license": "MIT",
      "dependencies": {
        "lib0": "^0.2.86"
      },
      "engines": {
        "node": ">=16.0.0",
        "npm": ">=8.0.0"
      },
      "funding": {
        "type": "GitHub Sponsors ❤",
        "url": "https://github.com/sponsors/dmonad"
      }
    }
  }
}
